github.com/bmizerany/pat v0.0.0-20210406213842-e4b6760bdd6f h1:gOO/tNZMjjvTKZWpY7YnXC72ULNLErRtp94LountVE8=
github.com/bmizerany/pat v0.0.0-20210406213842-e4b6760bdd6f/go.mod h1:8rLXio+WjiTceGBHIoTvn60HIbs7Hm7bcHjyrSqYB9c=
github.com/ryjack-horseman/BMWA v0.0.0-20230125150722-949d11657793 h1:uDf+rPmjifouhoNRIe8oDjtKAjxvZONsqsgQC7H3gHI=
github.com/ryjack-horseman/BMWA v0.0.0-20230125150722-949d11657793/go.mod h1:/AtGp9OHU/2BQ8jq35ANvgZQXFxj8Tmxd8vucXyPFrM=
